
Microsoft Visual Studio Solution File, Format Version 12.00
# Visual Studio Version 17
VisualStudioVersion = 17.5.33516.290
MinimumVisualStudioVersion = 10.0.40219.1
Project("{FAE04EC0-301F-11D3-BF4B-00C04F79EFBC}") = "ComputerGraphics_Raytracing", "ComputerGraphics_Raytracing\ComputerGraphics_Raytracing.csproj", "{3CD9ABD3-D41A-424E-97BF-9E805D675265}"
EndProject
Global
	GlobalSection(SolutionConfigurationPlatforms) = preSolution
		Debug|Any CPU = Debug|Any CPU
		Release|Any CPU = Release|Any CPU
	EndGlobalSection
	GlobalSection(ProjectConfigurationPlatforms) = postSolution
		{3CD9ABD3-D41A-424E-97BF-9E805D675265}.Debug|Any CPU.ActiveCfg = Debug|Any CPU
		{3CD9ABD3-D41A-424E-97BF-9E805D675265}.Debug|Any CPU.Build.0 = Debug|Any CPU
		{3CD9ABD3-D41A-424E-97BF-9E805D675265}.Release|Any CPU.ActiveCfg = Release|Any CPU
		{3CD9ABD3-D41A-424E-97BF-9E805D675265}.Release|Any CPU.Build.0 = Release|Any CPU
	EndGlobalSection
	GlobalSection(SolutionProperties) = preSolution
		HideSolutionNode = FALSE
	EndGlobalSection
	GlobalSection(ExtensibilityGlobals) = postSolution
		SolutionGuid = {B7934229-3D6B-4C0B-9180-94DAD0510174}
	EndGlobalSection
EndGlobal
